dependencies:
- name: xivgear-static
  repository: file://../xivgear-static
  version: 0.1.0
- name: xivgear-storage-api
  repository: file://../xivgear-storage-api
  version: 0.1.0
- name: xivgear-storage-api
  repository: file://../xivgear-storage-api
  version: 0.1.0
- name: xivgear-stats-api
  repository: file://../xivgear-stats-api
  version: 0.1.0
- name: xivgear-beta
  repository: file://../xivgear-beta
  version: 0.1.0
- name: xivgear-beta
  repository: file://../xivgear-beta
  version: 0.1.0
- name: xivgear-beta
  repository: file://../xivgear-beta
  version: 0.1.0
- name: xivgear-stats-api
  repository: file://../xivgear-stats-api
  version: 0.1.0
- name: xivgear-mathcorner
  repository: file://../xivgear-mathcorner
  version: 0.1.0
- name: xivgear-data-api
  repository: file://../xivgear-data-api
  version: 0.1.0
- name: xivgear-data-api
  repository: file://../xivgear-data-api
  version: 0.1.0
- name: xivgear-obj-storage-secret
  repository: file://../xivgear-obj-storage-secret
  version: 0.1.0
- name: xivgear-misc
  repository: file://../xivgear-misc
  version: 0.1.0
digest: sha256:87c0432806ff13d0b89f1f60aadf27a1e9dbc4dd8de91517e73631bb5c35e3c1
generated: "2025-04-16T10:54:45.6024048-07:00"
