dependencies:
- name: xivgear-static
  repository: file://../xivgear-static
  version: 0.1.0
- name: xivgear-storage-api
  repository: file://../xivgear-storage-api
  version: 0.1.0
- name: xivgear-beta
  repository: file://../xivgear-beta
  version: 0.1.0
digest: sha256:66c3bf527b2dd8f6d3c83fc57d88a1d16aabd1cf42882c84ddd63812bac90f6c
generated: "2024-04-15T17:30:34.8655298-07:00"
