dependencies:
- name: xivgear-static
  repository: file://../xivgear-static
  version: 0.1.0
- name: xivgear-storage-api
  repository: file://../xivgear-storage-api
  version: 0.1.0
- name: xivgear-stats-api
  repository: file://../xivgear-stats-api
  version: 0.1.0
- name: xivgear-beta
  repository: file://../xivgear-beta
  version: 0.1.0
- name: xivgear-beta
  repository: file://../xivgear-beta
  version: 0.1.0
- name: xivgear-beta
  repository: file://../xivgear-beta
  version: 0.1.0
- name: xivgear-stats-api
  repository: file://../xivgear-stats-api
  version: 0.1.0
- name: xivgear-mathcorner
  repository: file://../xivgear-mathcorner
  version: 0.1.0
- name: xivgear-mathcorner
  repository: file://../xivgear-mathcorner
  version: 0.1.0
digest: sha256:2731428aaab4e8bf5c8b29e8ccaeb80901c2e919e988269d2cc15ff5768e5830
generated: "2024-06-26T13:59:22.6045263-07:00"
